
Microsoft Visual Studio Solution File, Format Version 12.00
# Visual Studio Version 17
VisualStudioVersion = 17.3.32929.385
MinimumVisualStudioVersion = 10.0.40219.1
Project("{FAE04EC0-301F-11D3-BF4B-00C04F79EFBC}") = "Veri Alma İslemler if while for alistirma", "Veri Alma İslemler if while for alistirma.csproj", "{0DB4F36C-633C-431D-877A-B6E84C215CDE}"
EndProject
Global
	GlobalSection(SolutionConfigurationPlatforms) = preSolution
		Debug|Any CPU = Debug|Any CPU
		Release|Any CPU = Release|Any CPU
	EndGlobalSection
	GlobalSection(ProjectConfigurationPlatforms) = postSolution
		{0DB4F36C-633C-431D-877A-B6E84C215CDE}.Debug|Any CPU.ActiveCfg = Debug|Any CPU
		{0DB4F36C-633C-431D-877A-B6E84C215CDE}.Debug|Any CPU.Build.0 = Debug|Any CPU
		{0DB4F36C-633C-431D-877A-B6E84C215CDE}.Release|Any CPU.ActiveCfg = Release|Any CPU
		{0DB4F36C-633C-431D-877A-B6E84C215CDE}.Release|Any CPU.Build.0 = Release|Any CPU
	EndGlobalSection
	GlobalSection(SolutionProperties) = preSolution
		HideSolutionNode = FALSE
	EndGlobalSection
	GlobalSection(ExtensibilityGlobals) = postSolution
		SolutionGuid = {3771E0FA-E212-4F13-88B0-CB1DBD01BE19}
	EndGlobalSection
EndGlobal
